
Microsoft Visual Studio Solution File, Format Version 12.00
# Visual Studio Version 16
VisualStudioVersion = 16.0.29905.134
MinimumVisualStudioVersion = 10.0.40219.1
Project("{FAE04EC0-301F-11D3-BF4B-00C04F79EFBC}") = "TI_8", "TI_8.csproj", "{94F932CA-C8AC-4E15-8C03-A683190E4CF1}"
EndProject
Global
	GlobalSection(SolutionConfigurationPlatforms) = preSolution
		Debug|Any CPU = Debug|Any CPU
		Release|Any CPU = Release|Any CPU
	EndGlobalSection
	GlobalSection(ProjectConfigurationPlatforms) = postSolution
		{94F932CA-C8AC-4E15-8C03-A683190E4CF1}.Debug|Any CPU.ActiveCfg = Debug|Any CPU
		{94F932CA-C8AC-4E15-8C03-A683190E4CF1}.Debug|Any CPU.Build.0 = Debug|Any CPU
		{94F932CA-C8AC-4E15-8C03-A683190E4CF1}.Release|Any CPU.ActiveCfg = Release|Any CPU
		{94F932CA-C8AC-4E15-8C03-A683190E4CF1}.Release|Any CPU.Build.0 = Release|Any CPU
	EndGlobalSection
	GlobalSection(SolutionProperties) = preSolution
		HideSolutionNode = FALSE
	EndGlobalSection
	GlobalSection(ExtensibilityGlobals) = postSolution
		SolutionGuid = {20778FAB-C67E-44F6-863D-49FF6AE2127A}
	EndGlobalSection
EndGlobal
