
Microsoft Visual Studio Solution File, Format Version 12.00
# Visual Studio Version 16
VisualStudioVersion = 16.0.29418.71
MinimumVisualStudioVersion = 10.0.40219.1
Project("{FAE04EC0-301F-11D3-BF4B-00C04F79EFBC}") = "Caesar", "Caesar.csproj", "{BFACEED7-1251-4F5A-8381-EE08EA5C9EE3}"
EndProject
Global
	GlobalSection(SolutionConfigurationPlatforms) = preSolution
		Debug|Any CPU = Debug|Any CPU
		Release|Any CPU = Release|Any CPU
	EndGlobalSection
	GlobalSection(ProjectConfigurationPlatforms) = postSolution
		{BFACEED7-1251-4F5A-8381-EE08EA5C9EE3}.Debug|Any CPU.ActiveCfg = Debug|Any CPU
		{BFACEED7-1251-4F5A-8381-EE08EA5C9EE3}.Debug|Any CPU.Build.0 = Debug|Any CPU
		{BFACEED7-1251-4F5A-8381-EE08EA5C9EE3}.Release|Any CPU.ActiveCfg = Release|Any CPU
		{BFACEED7-1251-4F5A-8381-EE08EA5C9EE3}.Release|Any CPU.Build.0 = Release|Any CPU
	EndGlobalSection
	GlobalSection(SolutionProperties) = preSolution
		HideSolutionNode = FALSE
	EndGlobalSection
	GlobalSection(ExtensibilityGlobals) = postSolution
		SolutionGuid = {C1E1D3F4-8BA6-49D5-9526-02F1266C4F83}
	EndGlobalSection
EndGlobal
