
Microsoft Visual Studio Solution File, Format Version 12.00
# Visual Studio Version 16
VisualStudioVersion = 16.0.29905.134
MinimumVisualStudioVersion = 10.0.40219.1
Project("{FAE04EC0-301F-11D3-BF4B-00C04F79EFBC}") = "DES-WinForms", "DES-WinForms.csproj", "{D91AE75B-0720-4994-9C7C-66E17520BE7B}"
EndProject
Global
	GlobalSection(SolutionConfigurationPlatforms) = preSolution
		Debug|Any CPU = Debug|Any CPU
		Release|Any CPU = Release|Any CPU
	EndGlobalSection
	GlobalSection(ProjectConfigurationPlatforms) = postSolution
		{D91AE75B-0720-4994-9C7C-66E17520BE7B}.Debug|Any CPU.ActiveCfg = Debug|Any CPU
		{D91AE75B-0720-4994-9C7C-66E17520BE7B}.Debug|Any CPU.Build.0 = Debug|Any CPU
		{D91AE75B-0720-4994-9C7C-66E17520BE7B}.Release|Any CPU.ActiveCfg = Release|Any CPU
		{D91AE75B-0720-4994-9C7C-66E17520BE7B}.Release|Any CPU.Build.0 = Release|Any CPU
	EndGlobalSection
	GlobalSection(SolutionProperties) = preSolution
		HideSolutionNode = FALSE
	EndGlobalSection
	GlobalSection(ExtensibilityGlobals) = postSolution
		SolutionGuid = {0167D982-51A3-4831-BD74-B2A2BDC97A7A}
	EndGlobalSection
EndGlobal
