
Microsoft Visual Studio Solution File, Format Version 12.00
# Visual Studio Version 16
VisualStudioVersion = 16.0.29905.134
MinimumVisualStudioVersion = 10.0.40219.1
Project("{FAE04EC0-301F-11D3-BF4B-00C04F79EFBC}") = "DES", "DES.csproj", "{15AB2072-0A55-405A-8A8C-5A50A742A280}"
EndProject
Global
	GlobalSection(SolutionConfigurationPlatforms) = preSolution
		Debug|Any CPU = Debug|Any CPU
		Release|Any CPU = Release|Any CPU
	EndGlobalSection
	GlobalSection(ProjectConfigurationPlatforms) = postSolution
		{15AB2072-0A55-405A-8A8C-5A50A742A280}.Debug|Any CPU.ActiveCfg = Debug|Any CPU
		{15AB2072-0A55-405A-8A8C-5A50A742A280}.Debug|Any CPU.Build.0 = Debug|Any CPU
		{15AB2072-0A55-405A-8A8C-5A50A742A280}.Release|Any CPU.ActiveCfg = Release|Any CPU
		{15AB2072-0A55-405A-8A8C-5A50A742A280}.Release|Any CPU.Build.0 = Release|Any CPU
	EndGlobalSection
	GlobalSection(SolutionProperties) = preSolution
		HideSolutionNode = FALSE
	EndGlobalSection
	GlobalSection(ExtensibilityGlobals) = postSolution
		SolutionGuid = {6F9024E2-569E-42BF-B647-64E4702CA586}
	EndGlobalSection
EndGlobal
