
Microsoft Visual Studio Solution File, Format Version 12.00
# Visual Studio Version 16
VisualStudioVersion = 16.0.30523.141
MinimumVisualStudioVersion = 10.0.40219.1
Project("{FAE04EC0-301F-11D3-BF4B-00C04F79EFBC}") = "LevelOfAccess", "LevelOfAccess.csproj", "{32DE2C32-CEE9-4A93-B295-27E61EAA4F74}"
EndProject
Project("{FAE04EC0-301F-11D3-BF4B-00C04F79EFBC}") = "LOAClient", "..\LOAClient\LOAClient.csproj", "{8EB388CB-F1F3-469C-9318-594ABF19F692}"
EndProject
Global
	GlobalSection(SolutionConfigurationPlatforms) = preSolution
		Debug|Any CPU = Debug|Any CPU
		Release|Any CPU = Release|Any CPU
	EndGlobalSection
	GlobalSection(ProjectConfigurationPlatforms) = postSolution
		{32DE2C32-CEE9-4A93-B295-27E61EAA4F74}.Debug|Any CPU.ActiveCfg = Debug|Any CPU
		{32DE2C32-CEE9-4A93-B295-27E61EAA4F74}.Debug|Any CPU.Build.0 = Debug|Any CPU
		{32DE2C32-CEE9-4A93-B295-27E61EAA4F74}.Release|Any CPU.ActiveCfg = Release|Any CPU
		{32DE2C32-CEE9-4A93-B295-27E61EAA4F74}.Release|Any CPU.Build.0 = Release|Any CPU
		{8EB388CB-F1F3-469C-9318-594ABF19F692}.Debug|Any CPU.ActiveCfg = Debug|Any CPU
		{8EB388CB-F1F3-469C-9318-594ABF19F692}.Debug|Any CPU.Build.0 = Debug|Any CPU
		{8EB388CB-F1F3-469C-9318-594ABF19F692}.Release|Any CPU.ActiveCfg = Release|Any CPU
		{8EB388CB-F1F3-469C-9318-594ABF19F692}.Release|Any CPU.Build.0 = Release|Any CPU
	EndGlobalSection
	GlobalSection(SolutionProperties) = preSolution
		HideSolutionNode = FALSE
	EndGlobalSection
	GlobalSection(ExtensibilityGlobals) = postSolution
		SolutionGuid = {8D04238A-B246-4EB8-B5D0-1433AF9F2A89}
	EndGlobalSection
EndGlobal
