
Microsoft Visual Studio Solution File, Format Version 12.00
# Visual Studio Version 16
VisualStudioVersion = 16.0.30523.141
MinimumVisualStudioVersion = 10.0.40219.1
Project("{FAE04EC0-301F-11D3-BF4B-00C04F79EFBC}") = "GOST34", "GOST34.csproj", "{1D04106C-CC24-4C55-9BB5-46EB29245D8E}"
EndProject
Global
	GlobalSection(SolutionConfigurationPlatforms) = preSolution
		Debug|Any CPU = Debug|Any CPU
		Release|Any CPU = Release|Any CPU
	EndGlobalSection
	GlobalSection(ProjectConfigurationPlatforms) = postSolution
		{1D04106C-CC24-4C55-9BB5-46EB29245D8E}.Debug|Any CPU.ActiveCfg = Debug|Any CPU
		{1D04106C-CC24-4C55-9BB5-46EB29245D8E}.Debug|Any CPU.Build.0 = Debug|Any CPU
		{1D04106C-CC24-4C55-9BB5-46EB29245D8E}.Release|Any CPU.ActiveCfg = Release|Any CPU
		{1D04106C-CC24-4C55-9BB5-46EB29245D8E}.Release|Any CPU.Build.0 = Release|Any CPU
	EndGlobalSection
	GlobalSection(SolutionProperties) = preSolution
		HideSolutionNode = FALSE
	EndGlobalSection
	GlobalSection(ExtensibilityGlobals) = postSolution
		SolutionGuid = {5B71923E-2750-46A5-802F-D31D3E9D14F4}
	EndGlobalSection
EndGlobal
