
Microsoft Visual Studio Solution File, Format Version 12.00
# Visual Studio Version 16
VisualStudioVersion = 16.0.30503.244
MinimumVisualStudioVersion = 10.0.40219.1
Project("{FAE04EC0-301F-11D3-BF4B-00C04F79EFBC}") = "LSB_modification", "LSB_modification.csproj", "{C34C426E-D6FC-417B-B635-DB8CC9C229D1}"
EndProject
Global
	GlobalSection(SolutionConfigurationPlatforms) = preSolution
		Debug|Any CPU = Debug|Any CPU
		Release|Any CPU = Release|Any CPU
	EndGlobalSection
	GlobalSection(ProjectConfigurationPlatforms) = postSolution
		{C34C426E-D6FC-417B-B635-DB8CC9C229D1}.Debug|Any CPU.ActiveCfg = Debug|Any CPU
		{C34C426E-D6FC-417B-B635-DB8CC9C229D1}.Debug|Any CPU.Build.0 = Debug|Any CPU
		{C34C426E-D6FC-417B-B635-DB8CC9C229D1}.Release|Any CPU.ActiveCfg = Release|Any CPU
		{C34C426E-D6FC-417B-B635-DB8CC9C229D1}.Release|Any CPU.Build.0 = Release|Any CPU
	EndGlobalSection
	GlobalSection(SolutionProperties) = preSolution
		HideSolutionNode = FALSE
	EndGlobalSection
	GlobalSection(ExtensibilityGlobals) = postSolution
		SolutionGuid = {1FB3CBD3-8A86-4CFB-BA9E-893CC1FED39A}
	EndGlobalSection
EndGlobal
