
Microsoft Visual Studio Solution File, Format Version 12.00
# Visual Studio Version 16
VisualStudioVersion = 16.0.30523.141
MinimumVisualStudioVersion = 10.0.40219.1
Project("{FAE04EC0-301F-11D3-BF4B-00C04F79EFBC}") = "GOST34102001", "GOST34102001.csproj", "{398AC5EE-6262-43BE-896E-1290CCE38660}"
EndProject
Global
	GlobalSection(SolutionConfigurationPlatforms) = preSolution
		Debug|Any CPU = Debug|Any CPU
		Release|Any CPU = Release|Any CPU
	EndGlobalSection
	GlobalSection(ProjectConfigurationPlatforms) = postSolution
		{398AC5EE-6262-43BE-896E-1290CCE38660}.Debug|Any CPU.ActiveCfg = Debug|Any CPU
		{398AC5EE-6262-43BE-896E-1290CCE38660}.Debug|Any CPU.Build.0 = Debug|Any CPU
		{398AC5EE-6262-43BE-896E-1290CCE38660}.Release|Any CPU.ActiveCfg = Release|Any CPU
		{398AC5EE-6262-43BE-896E-1290CCE38660}.Release|Any CPU.Build.0 = Release|Any CPU
	EndGlobalSection
	GlobalSection(SolutionProperties) = preSolution
		HideSolutionNode = FALSE
	EndGlobalSection
	GlobalSection(ExtensibilityGlobals) = postSolution
		SolutionGuid = {41F5B794-8F76-4AB7-BA68-F5594C84A28E}
	EndGlobalSection
EndGlobal
