
Microsoft Visual Studio Solution File, Format Version 12.00
# Visual Studio Version 16
VisualStudioVersion = 16.0.29905.134
MinimumVisualStudioVersion = 10.0.40219.1
Project("{FAE04EC0-301F-11D3-BF4B-00C04F79EFBC}") = "TI_5_1", "TI_5_1.csproj", "{9B5C3643-3845-4F4B-95D2-D91508838899}"
EndProject
Global
	GlobalSection(SolutionConfigurationPlatforms) = preSolution
		Debug|Any CPU = Debug|Any CPU
		Release|Any CPU = Release|Any CPU
	EndGlobalSection
	GlobalSection(ProjectConfigurationPlatforms) = postSolution
		{9B5C3643-3845-4F4B-95D2-D91508838899}.Debug|Any CPU.ActiveCfg = Debug|Any CPU
		{9B5C3643-3845-4F4B-95D2-D91508838899}.Debug|Any CPU.Build.0 = Debug|Any CPU
		{9B5C3643-3845-4F4B-95D2-D91508838899}.Release|Any CPU.ActiveCfg = Release|Any CPU
		{9B5C3643-3845-4F4B-95D2-D91508838899}.Release|Any CPU.Build.0 = Release|Any CPU
	EndGlobalSection
	GlobalSection(SolutionProperties) = preSolution
		HideSolutionNode = FALSE
	EndGlobalSection
	GlobalSection(ExtensibilityGlobals) = postSolution
		SolutionGuid = {A8B24A5D-22B5-4B01-9639-0FC734BCC342}
	EndGlobalSection
EndGlobal
