
Microsoft Visual Studio Solution File, Format Version 12.00
# Visual Studio Version 16
VisualStudioVersion = 16.0.29926.136
MinimumVisualStudioVersion = 10.0.40219.1
Project("{FAE04EC0-301F-11D3-BF4B-00C04F79EFBC}") = "TI_9", "TI_9.csproj", "{57CE83F0-3A17-4CC4-9F35-AFB5EF87DA04}"
EndProject
Global
	GlobalSection(SolutionConfigurationPlatforms) = preSolution
		Debug|Any CPU = Debug|Any CPU
		Release|Any CPU = Release|Any CPU
	EndGlobalSection
	GlobalSection(ProjectConfigurationPlatforms) = postSolution
		{57CE83F0-3A17-4CC4-9F35-AFB5EF87DA04}.Debug|Any CPU.ActiveCfg = Debug|Any CPU
		{57CE83F0-3A17-4CC4-9F35-AFB5EF87DA04}.Debug|Any CPU.Build.0 = Debug|Any CPU
		{57CE83F0-3A17-4CC4-9F35-AFB5EF87DA04}.Release|Any CPU.ActiveCfg = Release|Any CPU
		{57CE83F0-3A17-4CC4-9F35-AFB5EF87DA04}.Release|Any CPU.Build.0 = Release|Any CPU
	EndGlobalSection
	GlobalSection(SolutionProperties) = preSolution
		HideSolutionNode = FALSE
	EndGlobalSection
	GlobalSection(ExtensibilityGlobals) = postSolution
		SolutionGuid = {7CCEE49A-CC53-419F-AF48-48CA28511E0E}
	EndGlobalSection
EndGlobal
