
Microsoft Visual Studio Solution File, Format Version 12.00
# Visual Studio Version 16
VisualStudioVersion = 16.0.29613.14
MinimumVisualStudioVersion = 10.0.40219.1
Project("{FAE04EC0-301F-11D3-BF4B-00C04F79EFBC}") = "Pollib cypher", "Pollib cypher.csproj", "{D58074FC-A9F5-4FDB-9C7B-5EF01C37C415}"
EndProject
Global
	GlobalSection(SolutionConfigurationPlatforms) = preSolution
		Debug|Any CPU = Debug|Any CPU
		Release|Any CPU = Release|Any CPU
	EndGlobalSection
	GlobalSection(ProjectConfigurationPlatforms) = postSolution
		{D58074FC-A9F5-4FDB-9C7B-5EF01C37C415}.Debug|Any CPU.ActiveCfg = Debug|Any CPU
		{D58074FC-A9F5-4FDB-9C7B-5EF01C37C415}.Debug|Any CPU.Build.0 = Debug|Any CPU
		{D58074FC-A9F5-4FDB-9C7B-5EF01C37C415}.Release|Any CPU.ActiveCfg = Release|Any CPU
		{D58074FC-A9F5-4FDB-9C7B-5EF01C37C415}.Release|Any CPU.Build.0 = Release|Any CPU
	EndGlobalSection
	GlobalSection(SolutionProperties) = preSolution
		HideSolutionNode = FALSE
	EndGlobalSection
	GlobalSection(ExtensibilityGlobals) = postSolution
		SolutionGuid = {659BD1DD-2242-474F-B938-F586A4565634}
	EndGlobalSection
EndGlobal
