
Microsoft Visual Studio Solution File, Format Version 12.00
# Visual Studio Version 16
VisualStudioVersion = 16.0.29503.13
MinimumVisualStudioVersion = 10.0.40219.1
Project("{FAE04EC0-301F-11D3-BF4B-00C04F79EFBC}") = "Les", "Les.csproj", "{71F632E6-30D4-48C8-AF49-015F49EBD609}"
EndProject
Global
	GlobalSection(SolutionConfigurationPlatforms) = preSolution
		Debug|Any CPU = Debug|Any CPU
		Release|Any CPU = Release|Any CPU
	EndGlobalSection
	GlobalSection(ProjectConfigurationPlatforms) = postSolution
		{71F632E6-30D4-48C8-AF49-015F49EBD609}.Debug|Any CPU.ActiveCfg = Debug|Any CPU
		{71F632E6-30D4-48C8-AF49-015F49EBD609}.Debug|Any CPU.Build.0 = Debug|Any CPU
		{71F632E6-30D4-48C8-AF49-015F49EBD609}.Release|Any CPU.ActiveCfg = Release|Any CPU
		{71F632E6-30D4-48C8-AF49-015F49EBD609}.Release|Any CPU.Build.0 = Release|Any CPU
	EndGlobalSection
	GlobalSection(SolutionProperties) = preSolution
		HideSolutionNode = FALSE
	EndGlobalSection
	GlobalSection(ExtensibilityGlobals) = postSolution
		SolutionGuid = {C5EFB24C-3A7A-4A5A-B49E-1808A53D0813}
	EndGlobalSection
EndGlobal
