
Microsoft Visual Studio Solution File, Format Version 12.00
# Visual Studio Version 16
VisualStudioVersion = 16.0.30804.86
MinimumVisualStudioVersion = 10.0.40219.1
Project("{FAE04EC0-301F-11D3-BF4B-00C04F79EFBC}") = "DES_ECB", "DES_ECB.csproj", "{61CF71F2-8C59-4A79-9208-1163F1728BF2}"
EndProject
Global
	GlobalSection(SolutionConfigurationPlatforms) = preSolution
		Debug|Any CPU = Debug|Any CPU
		Release|Any CPU = Release|Any CPU
	EndGlobalSection
	GlobalSection(ProjectConfigurationPlatforms) = postSolution
		{61CF71F2-8C59-4A79-9208-1163F1728BF2}.Debug|Any CPU.ActiveCfg = Debug|Any CPU
		{61CF71F2-8C59-4A79-9208-1163F1728BF2}.Debug|Any CPU.Build.0 = Debug|Any CPU
		{61CF71F2-8C59-4A79-9208-1163F1728BF2}.Release|Any CPU.ActiveCfg = Release|Any CPU
		{61CF71F2-8C59-4A79-9208-1163F1728BF2}.Release|Any CPU.Build.0 = Release|Any CPU
	EndGlobalSection
	GlobalSection(SolutionProperties) = preSolution
		HideSolutionNode = FALSE
	EndGlobalSection
	GlobalSection(ExtensibilityGlobals) = postSolution
		SolutionGuid = {32CC8CAC-2888-4A1B-B171-9BD042375200}
	EndGlobalSection
EndGlobal
