
Microsoft Visual Studio Solution File, Format Version 12.00
# Visual Studio Version 16
VisualStudioVersion = 16.0.29926.136
MinimumVisualStudioVersion = 10.0.40219.1
Project("{FAE04EC0-301F-11D3-BF4B-00C04F79EFBC}") = "Stegano_Bmp", "Stegano_Bmp.csproj", "{70178C64-9D3C-4CE3-B075-D2DC24283AD7}"
EndProject
Global
	GlobalSection(SolutionConfigurationPlatforms) = preSolution
		Debug|Any CPU = Debug|Any CPU
		Release|Any CPU = Release|Any CPU
	EndGlobalSection
	GlobalSection(ProjectConfigurationPlatforms) = postSolution
		{70178C64-9D3C-4CE3-B075-D2DC24283AD7}.Debug|Any CPU.ActiveCfg = Debug|Any CPU
		{70178C64-9D3C-4CE3-B075-D2DC24283AD7}.Debug|Any CPU.Build.0 = Debug|Any CPU
		{70178C64-9D3C-4CE3-B075-D2DC24283AD7}.Release|Any CPU.ActiveCfg = Release|Any CPU
		{70178C64-9D3C-4CE3-B075-D2DC24283AD7}.Release|Any CPU.Build.0 = Release|Any CPU
	EndGlobalSection
	GlobalSection(SolutionProperties) = preSolution
		HideSolutionNode = FALSE
	EndGlobalSection
	GlobalSection(ExtensibilityGlobals) = postSolution
		SolutionGuid = {C9EC869F-46F7-4719-AE2F-38585C2C1ABA}
	EndGlobalSection
EndGlobal
